
Microsoft Visual Studio Solution File, Format Version 12.00
# Visual Studio Version 16
VisualStudioVersion = 16.0.32510.428
MinimumVisualStudioVersion = 10.0.40219.1
Project("{FAE04EC0-301F-11D3-BF4B-00C04F79EFBC}") = "CodeBase4", "CodeBase4\CodeBase4.csproj", "{FB51332C-EF90-46CE-B5BE-4FE41FA26659}"
EndProject
Global
	GlobalSection(SolutionConfigurationPlatforms) = preSolution
		Debug|Any CPU = Debug|Any CPU
		Release|Any CPU = Release|Any CPU
	EndGlobalSection
	GlobalSection(ProjectConfigurationPlatforms) = postSolution
		{FB51332C-EF90-46CE-B5BE-4FE41FA26659}.Debug|Any CPU.ActiveCfg = Debug|Any CPU
		{FB51332C-EF90-46CE-B5BE-4FE41FA26659}.Debug|Any CPU.Build.0 = Debug|Any CPU
		{FB51332C-EF90-46CE-B5BE-4FE41FA26659}.Release|Any CPU.ActiveCfg = Release|Any CPU
		{FB51332C-EF90-46CE-B5BE-4FE41FA26659}.Release|Any CPU.Build.0 = Release|Any CPU
	EndGlobalSection
	GlobalSection(SolutionProperties) = preSolution
		HideSolutionNode = FALSE
	EndGlobalSection
	GlobalSection(ExtensibilityGlobals) = postSolution
		SolutionGuid = {03B98557-D5BB-4A88-A4EE-D9B763901089}
	EndGlobalSection
EndGlobal
