
Microsoft Visual Studio Solution File, Format Version 12.00
# Visual Studio Version 16
VisualStudioVersion = 16.0.32510.428
MinimumVisualStudioVersion = 10.0.40219.1
Project("{FAE04EC0-301F-11D3-BF4B-00C04F79EFBC}") = "exam4", "exam4\exam4.csproj", "{0DE511D7-1BD0-483C-B3AF-BAEC1EF14B6B}"
EndProject
Global
	GlobalSection(SolutionConfigurationPlatforms) = preSolution
		Debug|Any CPU = Debug|Any CPU
		Release|Any CPU = Release|Any CPU
	EndGlobalSection
	GlobalSection(ProjectConfigurationPlatforms) = postSolution
		{0DE511D7-1BD0-483C-B3AF-BAEC1EF14B6B}.Debug|Any CPU.ActiveCfg = Debug|Any CPU
		{0DE511D7-1BD0-483C-B3AF-BAEC1EF14B6B}.Debug|Any CPU.Build.0 = Debug|Any CPU
		{0DE511D7-1BD0-483C-B3AF-BAEC1EF14B6B}.Release|Any CPU.ActiveCfg = Release|Any CPU
		{0DE511D7-1BD0-483C-B3AF-BAEC1EF14B6B}.Release|Any CPU.Build.0 = Release|Any CPU
	EndGlobalSection
	GlobalSection(SolutionProperties) = preSolution
		HideSolutionNode = FALSE
	EndGlobalSection
	GlobalSection(ExtensibilityGlobals) = postSolution
		SolutionGuid = {2378E17E-079F-40CA-A3A0-5659E43C300B}
	EndGlobalSection
EndGlobal
