
Microsoft Visual Studio Solution File, Format Version 12.00
# Visual Studio Version 17
VisualStudioVersion = 17.1.32228.430
MinimumVisualStudioVersion = 10.0.40219.1
Project("{FAE04EC0-301F-11D3-BF4B-00C04F79EFBC}") = "assignment4new", "assignment4new\assignment4new.csproj", "{42479D2D-3701-46AB-B7E3-E660FD840083}"
EndProject
Global
	GlobalSection(SolutionConfigurationPlatforms) = preSolution
		Debug|Any CPU = Debug|Any CPU
		Release|Any CPU = Release|Any CPU
	EndGlobalSection
	GlobalSection(ProjectConfigurationPlatforms) = postSolution
		{42479D2D-3701-46AB-B7E3-E660FD840083}.Debug|Any CPU.ActiveCfg = Debug|Any CPU
		{42479D2D-3701-46AB-B7E3-E660FD840083}.Debug|Any CPU.Build.0 = Debug|Any CPU
		{42479D2D-3701-46AB-B7E3-E660FD840083}.Release|Any CPU.ActiveCfg = Release|Any CPU
		{42479D2D-3701-46AB-B7E3-E660FD840083}.Release|Any CPU.Build.0 = Release|Any CPU
	EndGlobalSection
	GlobalSection(SolutionProperties) = preSolution
		HideSolutionNode = FALSE
	EndGlobalSection
	GlobalSection(ExtensibilityGlobals) = postSolution
		SolutionGuid = {61B25643-4970-4230-AC2C-4A9680A94723}
	EndGlobalSection
EndGlobal
